
Microsoft Visual Studio Solution File, Format Version 12.00
# Visual Studio 14
VisualStudioVersion = 14.0.25420.1
MinimumVisualStudioVersion = 10.0.40219.1
Project("{FAE04EC0-301F-11D3-BF4B-00C04F79EFBC}") = "SharpAutoForm", "SharpAutoForm\SharpAutoForm.csproj", "{A95578ED-DDCF-4C95-BD0D-0726C5830AEE}"
EndProject
Global
	GlobalSection(SolutionConfigurationPlatforms) = preSolution
		Debug|Any CPU = Debug|Any CPU
		Release|Any CPU = Release|Any CPU
	EndGlobalSection
	GlobalSection(ProjectConfigurationPlatforms) = postSolution
		{A95578ED-DDCF-4C95-BD0D-0726C5830AEE}.Debug|Any CPU.ActiveCfg = Debug|Any CPU
		{A95578ED-DDCF-4C95-BD0D-0726C5830AEE}.Debug|Any CPU.Build.0 = Debug|Any CPU
		{A95578ED-DDCF-4C95-BD0D-0726C5830AEE}.Release|Any CPU.ActiveCfg = Release|Any CPU
		{A95578ED-DDCF-4C95-BD0D-0726C5830AEE}.Release|Any CPU.Build.0 = Release|Any CPU
	EndGlobalSection
	GlobalSection(SolutionProperties) = preSolution
		HideSolutionNode = FALSE
	EndGlobalSection
EndGlobal
